// !$*UTF8*$!
{
	archiveVersion = 1;
	classes = {
	};
	objectVersion = 46;
	objects = {

/* Begin PBXBuildFile section */
		93F417E01BE2CBB300C9FBAF /* AppDelegate.swift in Sources */ = {isa = PBXBuildFile; fileRef = 93F417DF1BE2CBB300C9FBAF /* AppDelegate.swift */; };
		93F417E21BE2CBB300C9FBAF /* ViewController.swift in Sources */ = {isa = PBXBuildFile; fileRef = 93F417E11BE2CBB300C9FBAF /* ViewController.swift */; };
		93F417E51BE2CBB300C9FBAF /* Main.storyboard in Resources */ = {isa = PBXBuildFile; fileRef = 93F417E31BE2CBB300C9FBAF /* Main.storyboard */; };
		93F417E71BE2CBB300C9FBAF /* Assets.xcassets in Resources */ = {isa = PBXBuildFile; fileRef = 93F417E61BE2CBB300C9FBAF /* Assets.xcassets */; };
		93F417EA1BE2CBB300C9FBAF /* LaunchScreen.storyboard in Resources */ = {isa = PBXBuildFile; fileRef = 93F417E81BE2CBB300C9FBAF /* LaunchScreen.storyboard */; };
		93F417F51BE2CBB300C9FBAF /* AlgoMergeSortTests.swift in Sources */ = {isa = PBXBuildFile; fileRef = 93F417F41BE2CBB300C9FBAF /* AlgoMergeSortTests.swift */; };
		93F418001BE2CBB300C9FBAF /* AlgoMergeSortUITests.swift in Sources */ = {isa = PBXBuildFile; fileRef = 93F417FF1BE2CBB300C9FBAF /* AlgoMergeSortUITests.swift */; };
/* End PBXBuildFile section */

/* Begin PBXContainerItemProxy section */
		93F417F11BE2CBB300C9FBAF /* PBXContainerItemProxy */ = {
			isa = PBXContainerItemProxy;
			containerPortal = 93F417D41BE2CBB300C9FBAF /* Project object */;
			proxyType = 1;
			remoteGlobalIDString = 93F417DB1BE2CBB300C9FBAF;
			remoteInfo = AlgoMergeSort;
		};
		93F417FC1BE2CBB300C9FBAF /* PBXContainerItemProxy */ = {
			isa = PBXContainerItemProxy;
			containerPortal = 93F417D41BE2CBB300C9FBAF /* Project object */;
			proxyType = 1;
			remoteGlobalIDString = 93F417DB1BE2CBB300C9FBAF;
			remoteInfo = AlgoMergeSort;
		};
/* End PBXContainerItemProxy section */

/* Begin PBXFileReference section */
		93F417DC1BE2CBB300C9FBAF /* AlgoMergeSort.app */ = {isa = PBXFileReference; explicitFileType = wrapper.application; includeInIndex = 0; path = AlgoMergeSort.app; sourceTree = BUILT_PRODUCTS_DIR; };
		93F417DF1BE2CBB300C9FBAF /* AppDelegate.swift */ = {isa = PBXFileReference; lastKnownFileType = sourcecode.swift; path = AppDelegate.swift; sourceTree = "<group>"; };
		93F417E11BE2CBB300C9FBAF /* ViewController.swift */ = {isa = PBXFileReference; lastKnownFileType = sourcecode.swift; path = ViewController.swift; sourceTree = "<group>"; };
		93F417E41BE2CBB300C9FBAF /* Base */ = {isa = PBXFileReference; lastKnownFileType = file.storyboard; name = Base; path = Base.lproj/Main.storyboard; sourceTree = "<group>"; };
		93F417E61BE2CBB300C9FBAF /* Assets.xcassets */ = {isa = PBXFileReference; lastKnownFileType = folder.assetcatalog; path = Assets.xcassets; sourceTree = "<group>"; };
		93F417E91BE2CBB300C9FBAF /* Base */ = {isa = PBXFileReference; lastKnownFileType = file.storyboard; name = Base; path = Base.lproj/LaunchScreen.storyboard; sourceTree = "<group>"; };
		93F417EB1BE2CBB300C9FBAF /* Info.plist */ = {isa = PBXFileReference; lastKnownFileType = text.plist.xml; path = Info.plist; sourceTree = "<group>"; };
		93F417F01BE2CBB300C9FBAF /* AlgoMergeSortTests.xctest */ = {isa = PBXFileReference; explicitFileType = wrapper.cfbundle; includeInIndex = 0; path = AlgoMergeSortTests.xctest; sourceTree = BUILT_PRODUCTS_DIR; };
		93F417F41BE2CBB300C9FBAF /* AlgoMergeSortTests.swift */ = {isa = PBXFileReference; lastKnownFileType = sourcecode.swift; path = AlgoMergeSortTests.swift; sourceTree = "<group>"; };
		93F417F61BE2CBB300C9FBAF /* Info.plist */ = {isa = PBXFileReference; lastKnownFileType = text.plist.xml; path = Info.plist; sourceTree = "<group>"; };
		93F417FB1BE2CBB300C9FBAF /* AlgoMergeSortUITests.xctest */ = {isa = PBXFileReference; explicitFileType = wrapper.cfbundle; includeInIndex = 0; path = AlgoMergeSortUITests.xctest; sourceTree = BUILT_PRODUCTS_DIR; };
		93F417FF1BE2CBB300C9FBAF /* AlgoMergeSortUITests.swift */ = {isa = PBXFileReference; lastKnownFileType = sourcecode.swift; path = AlgoMergeSortUITests.swift; sourceTree = "<group>"; };
		93F418011BE2CBB300C9FBAF /* Info.plist */ = {isa = PBXFileReference; lastKnownFileType = text.plist.xml; path = Info.plist; sourceTree = "<group>"; };
/* End PBXFileReference section */

/* Begin PBXFrameworksBuildPhase section */
		93F417D91BE2CBB300C9FBAF /* Frameworks */ = {
			isa = PBXFrameworksBuildPhase;
			buildActionMask = 2147483647;
			files = (
			);
			runOnlyForDeploymentPostprocessing = 0;
		};
		93F417ED1BE2CBB300C9FBAF /* Frameworks */ = {
			isa = PBXFrameworksBuildPhase;
			buildActionMask = 2147483647;
			files = (
			);
			runOnlyForDeploymentPostprocessing = 0;
		};
		93F417F81BE2CBB300C9FBAF /* Frameworks */ = {
			isa = PBXFrameworksBuildPhase;
			buildActionMask = 2147483647;
			files = (
			);
			runOnlyForDeploymentPostprocessing = 0;
		};
/* End PBXFrameworksBuildPhase section */

/* Begin PBXGroup section */
		93F417D31BE2CBB300C9FBAF = {
			isa = PBXGroup;
			children = (
				93F417DE1BE2CBB300C9FBAF /* AlgoMergeSort */,
				93F417F31BE2CBB300C9FBAF /* AlgoMergeSortTests */,
				93F417FE1BE2CBB300C9FBAF /* AlgoMergeSortUITests */,
				93F417DD1BE2CBB300C9FBAF /* Products */,
			);
			sourceTree = "<group>";
		};
		93F417DD1BE2CBB300C9FBAF /* Products */ = {
			isa = PBXGroup;
			children = (
				93F417DC1BE2CBB300C9FBAF /* AlgoMergeSort.app */,
				93F417F01BE2CBB300C9FBAF /* AlgoMergeSortTests.xctest */,
				93F417FB1BE2CBB300C9FBAF /* AlgoMergeSortUITests.xctest */,
			);
			name = Products;
			sourceTree = "<group>";
		};
		93F417DE1BE2CBB300C9FBAF /* AlgoMergeSort */ = {
			isa = PBXGroup;
			children = (
				93F417DF1BE2CBB300C9FBAF /* AppDelegate.swift */,
				93F417E11BE2CBB300C9FBAF /* ViewController.swift */,
				93F417E31BE2CBB300C9FBAF /* Main.storyboard */,
				93F417E61BE2CBB300C9FBAF /* Assets.xcassets */,
				93F417E81BE2CBB300C9FBAF /* LaunchScreen.storyboard */,
				93F417EB1BE2CBB300C9FBAF /* Info.plist */,
			);
			path = AlgoMergeSort;
			sourceTree = "<group>";
		};
		93F417F31BE2CBB300C9FBAF /* AlgoMergeSortTests */ = {
			isa = PBXGroup;
			children = (
				93F417F41BE2CBB300C9FBAF /* AlgoMergeSortTests.swift */,
				93F417F61BE2CBB300C9FBAF /* Info.plist */,
			);
			path = AlgoMergeSortTests;
			sourceTree = "<group>";
		};
		93F417FE1BE2CBB300C9FBAF /* AlgoMergeSortUITests */ = {
			isa = PBXGroup;
			children = (
				93F417FF1BE2CBB300C9FBAF /* AlgoMergeSortUITests.swift */,
				93F418011BE2CBB300C9FBAF /* Info.plist */,
			);
			path = AlgoMergeSortUITests;
			sourceTree = "<group>";
		};
/* End PBXGroup section */

/* Begin PBXNativeTarget section */
		93F417DB1BE2CBB300C9FBAF /* AlgoMergeSort */ = {
			isa = PBXNativeTarget;
			buildConfigurationList = 93F418041BE2CBB300C9FBAF /* Build configuration list for PBXNativeTarget "AlgoMergeSort" */;
			buildPhases = (
				93F417D81BE2CBB300C9FBAF /* Sources */,
				93F417D91BE2CBB300C9FBAF /* Frameworks */,
				93F417DA1BE2CBB300C9FBAF /* Resources */,
			);
			buildRules = (
			);
			dependencies = (
			);
			name = AlgoMergeSort;
			productName = AlgoMergeSort;
			productReference = 93F417DC1BE2CBB300C9FBAF /* AlgoMergeSort.app */;
			productType = "com.apple.product-type.application";
		};
		93F417EF1BE2CBB300C9FBAF /* AlgoMergeSortTests */ = {
			isa = PBXNativeTarget;
			buildConfigurationList = 93F418071BE2CBB300C9FBAF /* Build configuration list for PBXNativeTarget "AlgoMergeSortTests" */;
			buildPhases = (
				93F417EC1BE2CBB300C9FBAF /* Sources */,
				93F417ED1BE2CBB300C9FBAF /* Frameworks */,
				93F417EE1BE2CBB300C9FBAF /* Resources */,
			);
			buildRules = (
			);
			dependencies = (
				93F417F21BE2CBB300C9FBAF /* PBXTargetDependency */,
			);
			name = AlgoMergeSortTests;
			productName = AlgoMergeSortTests;
			productReference = 93F417F01BE2CBB300C9FBAF /* AlgoMergeSortTests.xctest */;
			productType = "com.apple.product-type.bundle.unit-test";
		};
		93F417FA1BE2CBB300C9FBAF /* AlgoMergeSortUITests */ = {
			isa = PBXNativeTarget;
			buildConfigurationList = 93F4180A1BE2CBB300C9FBAF /* Build configuration list for PBXNativeTarget "AlgoMergeSortUITests" */;
			buildPhases = (
				93F417F71BE2CBB300C9FBAF /* Sources */,
				93F417F81BE2CBB300C9FBAF /* Frameworks */,
				93F417F91BE2CBB300C9FBAF /* Resources */,
			);
			buildRules = (
			);
			dependencies = (
				93F417FD1BE2CBB300C9FBAF /* PBXTargetDependency */,
			);
			name = AlgoMergeSortUITests;
			productName = AlgoMergeSortUITests;
			productReference = 93F417FB1BE2CBB300C9FBAF /* AlgoMergeSortUITests.xctest */;
			productType = "com.apple.product-type.bundle.ui-testing";
		};
/* End PBXNativeTarget section */

/* Begin PBXProject section */
		93F417D41BE2CBB300C9FBAF /* Project object */ = {
			isa = PBXProject;
			attributes = {
				LastUpgradeCheck = 0700;
				ORGANIZATIONNAME = "Katya Nerush";
				TargetAttributes = {
					93F417DB1BE2CBB300C9FBAF = {
						CreatedOnToolsVersion = 7.0.1;
					};
					93F417EF1BE2CBB300C9FBAF = {
						CreatedOnToolsVersion = 7.0.1;
						TestTargetID = 93F417DB1BE2CBB300C9FBAF;
					};
					93F417FA1BE2CBB300C9FBAF = {
						CreatedOnToolsVersion = 7.0.1;
						TestTargetID = 93F417DB1BE2CBB300C9FBAF;
					};
				};
			};
			buildConfigurationList = 93F417D71BE2CBB300C9FBAF /* Build configuration list for PBXProject "AlgoMergeSort" */;
			compatibilityVersion = "Xcode 3.2";
			developmentRegion = English;
			hasScannedForEncodings = 0;
			knownRegions = (
				en,
				Base,
			);
			mainGroup = 93F417D31BE2CBB300C9FBAF;
			productRefGroup = 93F417DD1BE2CBB300C9FBAF /* Products */;
			projectDirPath = "";
			projectRoot = "";
			targets = (
				93F417DB1BE2CBB300C9FBAF /* AlgoMergeSort */,
				93F417EF1BE2CBB300C9FBAF /* AlgoMergeSortTests */,
				93F417FA1BE2CBB300C9FBAF /* AlgoMergeSortUITests */,
			);
		};
/* End PBXProject section */

/* Begin PBXResourcesBuildPhase section */
		93F417DA1BE2CBB300C9FBAF /* Resources */ = {
			isa = PBXResourcesBuildPhase;
			buildActionMask = 2147483647;
			files = (
				93F417EA1BE2CBB300C9FBAF /* LaunchScreen.storyboard in Resources */,
				93F417E71BE2CBB300C9FBAF /* Assets.xcassets in Resources */,
				93F417E51BE2CBB300C9FBAF /* Main.storyboard in Resources */,
			);
			runOnlyForDeploymentPostprocessing = 0;
		};
		93F417EE1BE2CBB300C9FBAF /* Resources */ = {
			isa = PBXResourcesBuildPhase;
			buildActionMask = 2147483647;
			files = (
			);
			runOnlyForDeploymentPostprocessing = 0;
		};
		93F417F91BE2CBB300C9FBAF /* Resources */ = {
			isa = PBXResourcesBuildPhase;
			buildActionMask = 2147483647;
			files = (
			);
			runOnlyForDeploymentPostprocessing = 0;
		};
/* End PBXResourcesBuildPhase section */

/* Begin PBXSourcesBuildPhase section */
		93F417D81BE2CBB300C9FBAF /* Sources */ = {
			isa = PBXSourcesBuildPhase;
			buildActionMask = 2147483647;
			files = (
				93F417E21BE2CBB300C9FBAF /* ViewController.swift in Sources */,
				93F417E01BE2CBB300C9FBAF /* AppDelegate.swift in Sources */,
			);
			runOnlyForDeploymentPostprocessing = 0;
		};
		93F417EC1BE2CBB300C9FBAF /* Sources */ = {
			isa = PBXSourcesBuildPhase;
			buildActionMask = 2147483647;
			files = (
				93F417F51BE2CBB300C9FBAF /* AlgoMergeSortTests.swift in Sources */,
			);
			runOnlyForDeploymentPostprocessing = 0;
		};
		93F417F71BE2CBB300C9FBAF /* Sources */ = {
			isa = PBXSourcesBuildPhase;
			buildActionMask = 2147483647;
			files = (
				93F418001BE2CBB300C9FBAF /* AlgoMergeSortUITests.swift in Sources */,
			);
			runOnlyForDeploymentPostprocessing = 0;
		};
/* End PBXSourcesBuildPhase section */

/* Begin PBXTargetDependency section */
		93F417F21BE2CBB300C9FBAF /* PBXTargetDependency */ = {
			isa = PBXTargetDependency;
			target = 93F417DB1BE2CBB300C9FBAF /* AlgoMergeSort */;
			targetProxy = 93F417F11BE2CBB300C9FBAF /* PBXContainerItemProxy */;
		};
		93F417FD1BE2CBB300C9FBAF /* PBXTargetDependency */ = {
			isa = PBXTargetDependency;
			target = 93F417DB1BE2CBB300C9FBAF /* AlgoMergeSort */;
			targetProxy = 93F417FC1BE2CBB300C9FBAF /* PBXContainerItemProxy */;
		};
/* End PBXTargetDependency section */

/* Begin PBXVariantGroup section */
		93F417E31BE2CBB300C9FBAF /* Main.storyboard */ = {
			isa = PBXVariantGroup;
			children = (
				93F417E41BE2CBB300C9FBAF /* Base */,
			);
			name = Main.storyboard;
			sourceTree = "<group>";
		};
		93F417E81BE2CBB300C9FBAF /* LaunchScreen.storyboard */ = {
			isa = PBXVariantGroup;
			children = (
				93F417E91BE2CBB300C9FBAF /* Base */,
			);
			name = LaunchScreen.storyboard;
			sourceTree = "<group>";
		};
/* End PBXVariantGroup section */

/* Begin XCBuildConfiguration section */
		93F418021BE2CBB300C9FBAF /* Debug */ = {
			isa = XCBuildConfiguration;
			buildSettings = {
				ALWAYS_SEARCH_USER_PATHS = NO;
				CLANG_CXX_LANGUAGE_STANDARD = "gnu++0x";
				CLANG_CXX_LIBRARY = "libc++";
				CLANG_ENABLE_MODULES = YES;
				CLANG_ENABLE_OBJC_ARC = YES;
				CLANG_WARN_BOOL_CONVERSION = YES;
				CLANG_WARN_CONSTANT_CONVERSION = YES;
				CLANG_WARN_DIRECT_OBJC_ISA_USAGE = YES_ERROR;
				CLANG_WARN_EMPTY_BODY = YES;
				CLANG_WARN_ENUM_CONVERSION = YES;
				CLANG_WARN_INT_CONVERSION = YES;
				CLANG_WARN_OBJC_ROOT_CLASS = YES_ERROR;
				CLANG_WARN_UNREACHABLE_CODE = YES;
				CLANG_WARN__DUPLICATE_METHOD_MATCH = YES;
				"CODE_SIGN_IDENTITY[sdk=iphoneos*]" = "iPhone Developer";
				COPY_PHASE_STRIP = NO;
				DEBUG_INFORMATION_FORMAT = dwarf;
				ENABLE_STRICT_OBJC_MSGSEND = YES;
				ENABLE_TESTABILITY = YES;
				GCC_C_LANGUAGE_STANDARD = gnu99;
				GCC_DYNAMIC_NO_PIC = NO;
				GCC_NO_COMMON_BLOCKS = YES;
				GCC_OPTIMIZATION_LEVEL = 0;
				GCC_PREPROCESSOR_DEFINITIONS = (
					"DEBUG=1",
					"$(inherited)",
				);
				GCC_WARN_64_TO_32_BIT_CONVERSION = YES;
				GCC_WARN_ABOUT_RETURN_TYPE = YES_ERROR;
				GCC_WARN_UNDECLARED_SELECTOR = YES;
				GCC_WARN_UNINITIALIZED_AUTOS = YES_AGGRESSIVE;
				GCC_WARN_UNUSED_FUNCTION = YES;
				GCC_WARN_UNUSED_VARIABLE = YES;
				IPHONEOS_DEPLOYMENT_TARGET = 9.0;
				MTL_ENABLE_DEBUG_INFO = YES;
				ONLY_ACTIVE_ARCH = YES;
				SDKROOT = iphoneos;
				SWIFT_OPTIMIZATION_LEVEL = "-Onone";
				TARGETED_DEVICE_FAMILY = "1,2";
			};
			name = Debug;
		};
		93F418031BE2CBB300C9FBAF /* Release */ = {
			isa = XCBuildConfiguration;
			buildSettings = {
				ALWAYS_SEARCH_USER_PATHS = NO;
				CLANG_CXX_LANGUAGE_STANDARD = "gnu++0x";
				CLANG_CXX_LIBRARY = "libc++";
				CLANG_ENABLE_MODULES = YES;
				CLANG_ENABLE_OBJC_ARC = YES;
				CLANG_WARN_BOOL_CONVERSION = YES;
				CLANG_WARN_CONSTANT_CONVERSION = YES;
				CLANG_WARN_DIRECT_OBJC_ISA_USAGE = YES_ERROR;
				CLANG_WARN_EMPTY_BODY = YES;
				CLANG_WARN_ENUM_CONVERSION = YES;
				CLANG_WARN_INT_CONVERSION = YES;
				CLANG_WARN_OBJC_ROOT_CLASS = YES_ERROR;
				CLANG_WARN_UNREACHABLE_CODE = YES;
				CLANG_WARN__DUPLICATE_METHOD_MATCH = YES;
				"CODE_SIGN_IDENTITY[sdk=iphoneos*]" = "iPhone Developer";
				COPY_PHASE_STRIP = NO;
				DEBUG_INFORMATION_FORMAT = "dwarf-with-dsym";
				ENABLE_NS_ASSERTIONS = NO;
				ENABLE_STRICT_OBJC_MSGSEND = YES;
				GCC_C_LANGUAGE_STANDARD = gnu99;
				GCC_NO_COMMON_BLOCKS = YES;
				GCC_WARN_64_TO_32_BIT_CONVERSION = YES;
				GCC_WARN_ABOUT_RETURN_TYPE = YES_ERROR;
				GCC_WARN_UNDECLARED_SELECTOR = YES;
				GCC_WARN_UNINITIALIZED_AUTOS = YES_AGGRESSIVE;
				GCC_WARN_UNUSED_FUNCTION = YES;
				GCC_WARN_UNUSED_VARIABLE = YES;
				IPHONEOS_DEPLOYMENT_TARGET = 9.0;
				MTL_ENABLE_DEBUG_INFO = NO;
				SDKROOT = iphoneos;
				TARGETED_DEVICE_FAMILY = "1,2";
				VALIDATE_PRODUCT = YES;
			};
			name = Release;
		};
		93F418051BE2CBB300C9FBAF /* Debug */ = {
			isa = XCBuildConfiguration;
			buildSettings = {
				ASSETCATALOG_COMPILER_APPICON_NAME = AppIcon;
				INFOPLIST_FILE = AlgoMergeSort/Info.plist;
				LD_RUNPATH_SEARCH_PATHS = "$(inherited) @executable_path/Frameworks";
				PRODUCT_BUNDLE_IDENTIFIER = KN.AlgoMergeSort;
				PRODUCT_NAME = "$(TARGET_NAME)";
			};
			name = Debug;
		};
		93F418061BE2CBB300C9FBAF /* Release */ = {
			isa = XCBuildConfiguration;
			buildSettings = {
				ASSETCATALOG_COMPILER_APPICON_NAME = AppIcon;
				INFOPLIST_FILE = AlgoMergeSort/Info.plist;
				LD_RUNPATH_SEARCH_PATHS = "$(inherited) @executable_path/Frameworks";
				PRODUCT_BUNDLE_IDENTIFIER = KN.AlgoMergeSort;
				PRODUCT_NAME = "$(TARGET_NAME)";
			};
			name = Release;
		};
		93F418081BE2CBB300C9FBAF /* Debug */ = {
			isa = XCBuildConfiguration;
			buildSettings = {
				BUNDLE_LOADER = "$(TEST_HOST)";
				INFOPLIST_FILE = AlgoMergeSortTests/Info.plist;
				LD_RUNPATH_SEARCH_PATHS = "$(inherited) @executable_path/Frameworks @loader_path/Frameworks";
				PRODUCT_BUNDLE_IDENTIFIER = KN.AlgoMergeSortTests;
				PRODUCT_NAME = "$(TARGET_NAME)";
				TEST_HOST = "$(BUILT_PRODUCTS_DIR)/AlgoMergeSort.app/AlgoMergeSort";
			};
			name = Debug;
		};
		93F418091BE2CBB300C9FBAF /* Release */ = {
			isa = XCBuildConfiguration;
			buildSettings = {
				BUNDLE_LOADER = "$(TEST_HOST)";
				INFOPLIST_FILE = AlgoMergeSortTests/Info.plist;
				LD_RUNPATH_SEARCH_PATHS = "$(inherited) @executable_path/Frameworks @loader_path/Frameworks";
				PRODUCT_BUNDLE_IDENTIFIER = KN.AlgoMergeSortTests;
				PRODUCT_NAME = "$(TARGET_NAME)";
				TEST_HOST = "$(BUILT_PRODUCTS_DIR)/AlgoMergeSort.app/AlgoMergeSort";
			};
			name = Release;
		};
		93F4180B1BE2CBB300C9FBAF /* Debug */ = {
			isa = XCBuildConfiguration;
			buildSettings = {
				INFOPLIST_FILE = AlgoMergeSortUITests/Info.plist;
				LD_RUNPATH_SEARCH_PATHS = "$(inherited) @executable_path/Frameworks @loader_path/Frameworks";
				PRODUCT_BUNDLE_IDENTIFIER = KN.AlgoMergeSortUITests;
				PRODUCT_NAME = "$(TARGET_NAME)";
				TEST_TARGET_NAME = AlgoMergeSort;
				USES_XCTRUNNER = YES;
			};
			name = Debug;
		};
		93F4180C1BE2CBB300C9FBAF /* Release */ = {
			isa = XCBuildConfiguration;
			buildSettings = {
				INFOPLIST_FILE = AlgoMergeSortUITests/Info.plist;
				LD_RUNPATH_SEARCH_PATHS = "$(inherited) @executable_path/Frameworks @loader_path/Frameworks";
				PRODUCT_BUNDLE_IDENTIFIER = KN.AlgoMergeSortUITests;
				PRODUCT_NAME = "$(TARGET_NAME)";
				TEST_TARGET_NAME = AlgoMergeSort;
				USES_XCTRUNNER = YES;
			};
			name = Release;
		};
/* End XCBuildConfiguration section */

/* Begin XCConfigurationList section */
		93F417D71BE2CBB300C9FBAF /* Build configuration list for PBXProject "AlgoMergeSort" */ = {
			isa = XCConfigurationList;
			buildConfigurations = (
				93F418021BE2CBB300C9FBAF /* Debug */,
				93F418031BE2CBB300C9FBAF /* Release */,
			);
			defaultConfigurationIsVisible = 0;
			defaultConfigurationName = Release;
		};
		93F418041BE2CBB300C9FBAF /* Build configuration list for PBXNativeTarget "AlgoMergeSort" */ = {
			isa = XCConfigurationList;
			buildConfigurations = (
				93F418051BE2CBB300C9FBAF /* Debug */,
				93F418061BE2CBB300C9FBAF /* Release */,
			);
			defaultConfigurationIsVisible = 0;
		};
		93F418071BE2CBB300C9FBAF /* Build configuration list for PBXNativeTarget "AlgoMergeSortTests" */ = {
			isa = XCConfigurationList;
			buildConfigurations = (
				93F418081BE2CBB300C9FBAF /* Debug */,
				93F418091BE2CBB300C9FBAF /* Release */,
			);
			defaultConfigurationIsVisible = 0;
		};
		93F4180A1BE2CBB300C9FBAF /* Build configuration list for PBXNativeTarget "AlgoMergeSortUITests" */ = {
			isa = XCConfigurationList;
			buildConfigurations = (
				93F4180B1BE2CBB300C9FBAF /* Debug */,
				93F4180C1BE2CBB300C9FBAF /* Release */,
			);
			defaultConfigurationIsVisible = 0;
		};
/* End XCConfigurationList section */
	};
	rootObject = 93F417D41BE2CBB300C9FBAF /* Project object */;
}
